
Microsoft Visual Studio Solution File, Format Version 12.00
# Visual Studio Version 17
VisualStudioVersion = 17.9.34714.143
MinimumVisualStudioVersion = 10.0.40219.1
Project("{FAE04EC0-301F-11D3-BF4B-00C04F79EFBC}") = "MartinaProject2024", "MartinaProject2024\MartinaProject2024.csproj", "{CE50DA53-D16C-4E26-ABAA-397510B65B5E}"
EndProject
Project("{FAE04EC0-301F-11D3-BF4B-00C04F79EFBC}") = "Clases", "Clases\Clases.csproj", "{0A3DF083-F37D-4DCD-8501-1F93AD99EB7C}"
EndProject
Project("{FAE04EC0-301F-11D3-BF4B-00C04F79EFBC}") = "Conexion", "Conexion\Conexion.csproj", "{F6CEBB18-FDED-4857-9603-8E5F59391760}"
EndProject
Global
	GlobalSection(SolutionConfigurationPlatforms) = preSolution
		Debug|Any CPU = Debug|Any CPU
		Release|Any CPU = Release|Any CPU
	EndGlobalSection
	GlobalSection(ProjectConfigurationPlatforms) = postSolution
		{CE50DA53-D16C-4E26-ABAA-397510B65B5E}.Debug|Any CPU.ActiveCfg = Debug|Any CPU
		{CE50DA53-D16C-4E26-ABAA-397510B65B5E}.Debug|Any CPU.Build.0 = Debug|Any CPU
		{CE50DA53-D16C-4E26-ABAA-397510B65B5E}.Release|Any CPU.ActiveCfg = Release|Any CPU
		{CE50DA53-D16C-4E26-ABAA-397510B65B5E}.Release|Any CPU.Build.0 = Release|Any CPU
		{0A3DF083-F37D-4DCD-8501-1F93AD99EB7C}.Debug|Any CPU.ActiveCfg = Debug|Any CPU
		{0A3DF083-F37D-4DCD-8501-1F93AD99EB7C}.Debug|Any CPU.Build.0 = Debug|Any CPU
		{0A3DF083-F37D-4DCD-8501-1F93AD99EB7C}.Release|Any CPU.ActiveCfg = Release|Any CPU
		{0A3DF083-F37D-4DCD-8501-1F93AD99EB7C}.Release|Any CPU.Build.0 = Release|Any CPU
		{F6CEBB18-FDED-4857-9603-8E5F59391760}.Debug|Any CPU.ActiveCfg = Debug|Any CPU
		{F6CEBB18-FDED-4857-9603-8E5F59391760}.Debug|Any CPU.Build.0 = Debug|Any CPU
		{F6CEBB18-FDED-4857-9603-8E5F59391760}.Release|Any CPU.ActiveCfg = Release|Any CPU
		{F6CEBB18-FDED-4857-9603-8E5F59391760}.Release|Any CPU.Build.0 = Release|Any CPU
	EndGlobalSection
	GlobalSection(SolutionProperties) = preSolution
		HideSolutionNode = FALSE
	EndGlobalSection
	GlobalSection(ExtensibilityGlobals) = postSolution
		SolutionGuid = {53EA23D5-0991-4A97-BD2F-8FC6437CE203}
	EndGlobalSection
EndGlobal
